
Microsoft Visual Studio Solution File, Format Version 12.00
# Visual Studio Version 16
VisualStudioVersion = 16.0.29020.237
MinimumVisualStudioVersion = 10.0.40219.1
Project("{8BC9CEB8-8B4A-11D0-8D11-00A0C91BC942}") = "id_validator", "id_validator.vcxproj", "{596A0AE0-C943-4598-BC1F-4774B2ACA48A}"
EndProject
Global
	GlobalSection(SolutionConfigurationPlatforms) = preSolution
		Debug|x64 = Debug|x64
		Debug|x86 = Debug|x86
		Release|x64 = Release|x64
		Release|x86 = Release|x86
	EndGlobalSection
	GlobalSection(ProjectConfigurationPlatforms) = postSolution
		{596A0AE0-C943-4598-BC1F-4774B2ACA48A}.Debug|x64.ActiveCfg = Debug|x64
		{596A0AE0-C943-4598-BC1F-4774B2ACA48A}.Debug|x64.Build.0 = Debug|x64
		{596A0AE0-C943-4598-BC1F-4774B2ACA48A}.Debug|x86.ActiveCfg = Debug|Win32
		{596A0AE0-C943-4598-BC1F-4774B2ACA48A}.Debug|x86.Build.0 = Debug|Win32
		{596A0AE0-C943-4598-BC1F-4774B2ACA48A}.Release|x64.ActiveCfg = Release|x64
		{596A0AE0-C943-4598-BC1F-4774B2ACA48A}.Release|x64.Build.0 = Release|x64
		{596A0AE0-C943-4598-BC1F-4774B2ACA48A}.Release|x86.ActiveCfg = Release|Win32
		{596A0AE0-C943-4598-BC1F-4774B2ACA48A}.Release|x86.Build.0 = Release|Win32
	EndGlobalSection
	GlobalSection(SolutionProperties) = preSolution
		HideSolutionNode = FALSE
	EndGlobalSection
	GlobalSection(ExtensibilityGlobals) = postSolution
		SolutionGuid = {E5DD67FB-66B1-4D09-9280-5C9AE81B414E}
	EndGlobalSection
EndGlobal
